
Microsoft Visual Studio Solution File, Format Version 12.00
# Visual Studio 15
VisualStudioVersion = 15.0.27428.2037
MinimumVisualStudioVersion = 10.0.40219.1
Project("{FAE04EC0-301F-11D3-BF4B-00C04F79EFBC}") = "calculator", "calculator\calculator.csproj", "{626C6968-135C-4432-994A-6D081905F0EF}"
EndProject
Global
	GlobalSection(SolutionConfigurationPlatforms) = preSolution
		Debug|Any CPU = Debug|Any CPU
		Release|Any CPU = Release|Any CPU
	EndGlobalSection
	GlobalSection(ProjectConfigurationPlatforms) = postSolution
		{626C6968-135C-4432-994A-6D081905F0EF}.Debug|Any CPU.ActiveCfg = Debug|Any CPU
		{626C6968-135C-4432-994A-6D081905F0EF}.Debug|Any CPU.Build.0 = Debug|Any CPU
		{626C6968-135C-4432-994A-6D081905F0EF}.Release|Any CPU.ActiveCfg = Release|Any CPU
		{626C6968-135C-4432-994A-6D081905F0EF}.Release|Any CPU.Build.0 = Release|Any CPU
	EndGlobalSection
	GlobalSection(SolutionProperties) = preSolution
		HideSolutionNode = FALSE
	EndGlobalSection
	GlobalSection(ExtensibilityGlobals) = postSolution
		SolutionGuid = {4E17ADC8-3510-43C7-8D84-0E3D8C6EAD41}
	EndGlobalSection
EndGlobal
